
Microsoft Visual Studio Solution File, Format Version 12.00
# Visual Studio Version 16
VisualStudioVersion = 16.0.29613.14
MinimumVisualStudioVersion = 10.0.40219.1
Project("{FAE04EC0-301F-11D3-BF4B-00C04F79EFBC}") = "SfDataGridDemo", "SfDataGridDemo.csproj", "{223BC402-C35A-46D6-8D05-A8931929785D}"
EndProject
Global
	GlobalSection(SolutionConfigurationPlatforms) = preSolution
		Debug|Any CPU = Debug|Any CPU
		Release|Any CPU = Release|Any CPU
	EndGlobalSection
	GlobalSection(ProjectConfigurationPlatforms) = postSolution
		{223BC402-C35A-46D6-8D05-A8931929785D}.Debug|Any CPU.ActiveCfg = Debug|Any CPU
		{223BC402-C35A-46D6-8D05-A8931929785D}.Debug|Any CPU.Build.0 = Debug|Any CPU
		{223BC402-C35A-46D6-8D05-A8931929785D}.Release|Any CPU.ActiveCfg = Release|Any CPU
		{223BC402-C35A-46D6-8D05-A8931929785D}.Release|Any CPU.Build.0 = Release|Any CPU
	EndGlobalSection
	GlobalSection(SolutionProperties) = preSolution
		HideSolutionNode = FALSE
	EndGlobalSection
	GlobalSection(ExtensibilityGlobals) = postSolution
		SolutionGuid = {9ABC2481-C1D7-4280-B723-E0D302EBAA68}
	EndGlobalSection
EndGlobal
